// !$*UTF8*$!
{
	archiveVersion = 1;
	classes = {
	};
	objectVersion = 46;
	objects = {

/* Begin PBXBuildFile section */
		BE20A21A1A9268C100970516 /* main.m in Sources */ = {isa = PBXBuildFile; fileRef = BE20A2191A9268C100970516 /* main.m */; };
		BE20A21D1A9268C100970516 /* AppDelegate.m in Sources */ = {isa = PBXBuildFile; fileRef = BE20A21C1A9268C100970516 /* AppDelegate.m */; };
		BE20A2231A9268C100970516 /* Main.storyboard in Resources */ = {isa = PBXBuildFile; fileRef = BE20A2211A9268C100970516 /* Main.storyboard */; };
		BE20A2251A9268C100970516 /* Images.xcassets in Resources */ = {isa = PBXBuildFile; fileRef = BE20A2241A9268C100970516 /* Images.xcassets */; };
		BE20A2281A9268C100970516 /* LaunchScreen.xib in Resources */ = {isa = PBXBuildFile; fileRef = BE20A2261A9268C100970516 /* LaunchScreen.xib */; };
		BE20A2341A9268C100970516 /* iTextbooksTests.m in Sources */ = {isa = PBXBuildFile; fileRef = BE20A2331A9268C100970516 /* iTextbooksTests.m */; };
		BE20A23F1A926D6F00970516 /* BookViewController.m in Sources */ = {isa = PBXBuildFile; fileRef = BE20A23E1A926D6E00970516 /* BookViewController.m */; };
		BE20A2421A926DAE00970516 /* BranchCollectionViewController.m in Sources */ = {isa = PBXBuildFile; fileRef = BE20A2411A926DAE00970516 /* BranchCollectionViewController.m */; };
		BE20A2601A9271E700970516 /* img1.jpg in Resources */ = {isa = PBXBuildFile; fileRef = BE20A24D1A9271E700970516 /* img1.jpg */; };
		BE20A2611A9271E700970516 /* img10.jpg in Resources */ = {isa = PBXBuildFile; fileRef = BE20A24E1A9271E700970516 /* img10.jpg */; };
		BE20A2621A9271E700970516 /* img2.jpg in Resources */ = {isa = PBXBuildFile; fileRef = BE20A24F1A9271E700970516 /* img2.jpg */; };
		BE20A2631A9271E700970516 /* img3.jpg in Resources */ = {isa = PBXBuildFile; fileRef = BE20A2501A9271E700970516 /* img3.jpg */; };
		BE20A2641A9271E700970516 /* img4.jpg in Resources */ = {isa = PBXBuildFile; fileRef = BE20A2511A9271E700970516 /* img4.jpg */; };
		BE20A2651A9271E700970516 /* img5.jpg in Resources */ = {isa = PBXBuildFile; fileRef = BE20A2521A9271E700970516 /* img5.jpg */; };
		BE20A2661A9271E700970516 /* img6.jpg in Resources */ = {isa = PBXBuildFile; fileRef = BE20A2531A9271E700970516 /* img6.jpg */; };
		BE20A2671A9271E700970516 /* img7.jpg in Resources */ = {isa = PBXBuildFile; fileRef = BE20A2541A9271E700970516 /* img7.jpg */; };
		BE20A2681A9271E700970516 /* img8.jpg in Resources */ = {isa = PBXBuildFile; fileRef = BE20A2551A9271E700970516 /* img8.jpg */; };
		BE20A2691A9271E700970516 /* img9.jpg in Resources */ = {isa = PBXBuildFile; fileRef = BE20A2561A9271E700970516 /* img9.jpg */; };
		BE20A26B1A9274EF00970516 /* lorem.html in Resources */ = {isa = PBXBuildFile; fileRef = BE20A26A1A9274EF00970516 /* lorem.html */; };
		BE20A26E1A9279FE00970516 /* BranchCollectionViewCell.m in Sources */ = {isa = PBXBuildFile; fileRef = BE20A26D1A9279FE00970516 /* BranchCollectionViewCell.m */; };
/* End PBXBuildFile section */

/* Begin PBXContainerItemProxy section */
		BE20A22E1A9268C100970516 /* PBXContainerItemProxy */ = {
			isa = PBXContainerItemProxy;
			containerPortal = BE20A20C1A9268C100970516 /* Project object */;
			proxyType = 1;
			remoteGlobalIDString = BE20A2131A9268C100970516;
			remoteInfo = iTextbooks;
		};
/* End PBXContainerItemProxy section */

/* Begin PBXFileReference section */
		BE20A2141A9268C100970516 /* iTextbooks.app */ = {isa = PBXFileReference; explicitFileType = wrapper.application; includeInIndex = 0; path = iTextbooks.app; sourceTree = BUILT_PRODUCTS_DIR; };
		BE20A2181A9268C100970516 /* Info.plist */ = {isa = PBXFileReference; lastKnownFileType = text.plist.xml; path = Info.plist; sourceTree = "<group>"; };
		BE20A2191A9268C100970516 /* main.m */ = {isa = PBXFileReference; lastKnownFileType = sourcecode.c.objc; path = main.m; sourceTree = "<group>"; };
		BE20A21B1A9268C100970516 /* AppDelegate.h */ = {isa = PBXFileReference; lastKnownFileType = sourcecode.c.h; path = AppDelegate.h; sourceTree = "<group>"; };
		BE20A21C1A9268C100970516 /* AppDelegate.m */ = {isa = PBXFileReference; lastKnownFileType = sourcecode.c.objc; path = AppDelegate.m; sourceTree = "<group>"; };
		BE20A2221A9268C100970516 /* Base */ = {isa = PBXFileReference; lastKnownFileType = file.storyboard; name = Base; path = Base.lproj/Main.storyboard; sourceTree = "<group>"; };
		BE20A2241A9268C100970516 /* Images.xcassets */ = {isa = PBXFileReference; lastKnownFileType = folder.assetcatalog; path = Images.xcassets; sourceTree = "<group>"; };
		BE20A2271A9268C100970516 /* Base */ = {isa = PBXFileReference; lastKnownFileType = file.xib; name = Base; path = Base.lproj/LaunchScreen.xib; sourceTree = "<group>"; };
		BE20A22D1A9268C100970516 /* iTextbooksTests.xctest */ = {isa = PBXFileReference; explicitFileType = wrapper.cfbundle; includeInIndex = 0; path = iTextbooksTests.xctest; sourceTree = BUILT_PRODUCTS_DIR; };
		BE20A2321A9268C100970516 /* Info.plist */ = {isa = PBXFileReference; lastKnownFileType = text.plist.xml; path = Info.plist; sourceTree = "<group>"; };
		BE20A2331A9268C100970516 /* iTextbooksTests.m */ = {isa = PBXFileReference; lastKnownFileType = sourcecode.c.objc; path = iTextbooksTests.m; sourceTree = "<group>"; };
		BE20A23D1A926D6E00970516 /* BookViewController.h */ = {isa = PBXFileReference; fileEncoding = 4; lastKnownFileType = sourcecode.c.h; path = BookViewController.h; sourceTree = "<group>"; };
		BE20A23E1A926D6E00970516 /* BookViewController.m */ = {isa = PBXFileReference; fileEncoding = 4; lastKnownFileType = sourcecode.c.objc; path = BookViewController.m; sourceTree = "<group>"; };
		BE20A2401A926DAE00970516 /* BranchCollectionViewController.h */ = {isa = PBXFileReference; fileEncoding = 4; lastKnownFileType = sourcecode.c.h; path = BranchCollectionViewController.h; sourceTree = "<group>"; };
		BE20A2411A926DAE00970516 /* BranchCollectionViewController.m */ = {isa = PBXFileReference; fileEncoding = 4; lastKnownFileType = sourcecode.c.objc; path = BranchCollectionViewController.m; sourceTree = "<group>"; };
		BE20A24D1A9271E700970516 /* img1.jpg */ = {isa = PBXFileReference; lastKnownFileType = image.jpeg; path = img1.jpg; sourceTree = "<group>"; };
		BE20A24E1A9271E700970516 /* img10.jpg */ = {isa = PBXFileReference; lastKnownFileType = image.jpeg; path = img10.jpg; sourceTree = "<group>"; };
		BE20A24F1A9271E700970516 /* img2.jpg */ = {isa = PBXFileReference; lastKnownFileType = image.jpeg; path = img2.jpg; sourceTree = "<group>"; };
		BE20A2501A9271E700970516 /* img3.jpg */ = {isa = PBXFileReference; lastKnownFileType = image.jpeg; path = img3.jpg; sourceTree = "<group>"; };
		BE20A2511A9271E700970516 /* img4.jpg */ = {isa = PBXFileReference; lastKnownFileType = image.jpeg; path = img4.jpg; sourceTree = "<group>"; };
		BE20A2521A9271E700970516 /* img5.jpg */ = {isa = PBXFileReference; lastKnownFileType = image.jpeg; path = img5.jpg; sourceTree = "<group>"; };
		BE20A2531A9271E700970516 /* img6.jpg */ = {isa = PBXFileReference; lastKnownFileType = image.jpeg; path = img6.jpg; sourceTree = "<group>"; };
		BE20A2541A9271E700970516 /* img7.jpg */ = {isa = PBXFileReference; lastKnownFileType = image.jpeg; path = img7.jpg; sourceTree = "<group>"; };
		BE20A2551A9271E700970516 /* img8.jpg */ = {isa = PBXFileReference; lastKnownFileType = image.jpeg; path = img8.jpg; sourceTree = "<group>"; };
		BE20A2561A9271E700970516 /* img9.jpg */ = {isa = PBXFileReference; lastKnownFileType = image.jpeg; path = img9.jpg; sourceTree = "<group>"; };
		BE20A26A1A9274EF00970516 /* lorem.html */ = {isa = PBXFileReference; fileEncoding = 4; lastKnownFileType = text.html; path = lorem.html; sourceTree = "<group>"; };
		BE20A26C1A9279FE00970516 /* BranchCollectionViewCell.h */ = {isa = PBXFileReference; fileEncoding = 4; lastKnownFileType = sourcecode.c.h; path = BranchCollectionViewCell.h; sourceTree = "<group>"; };
		BE20A26D1A9279FE00970516 /* BranchCollectionViewCell.m */ = {isa = PBXFileReference; fileEncoding = 4; lastKnownFileType = sourcecode.c.objc; path = BranchCollectionViewCell.m; sourceTree = "<group>"; };
/* End PBXFileReference section */

/* Begin PBXFrameworksBuildPhase section */
		BE20A2111A9268C100970516 /* Frameworks */ = {
			isa = PBXFrameworksBuildPhase;
			buildActionMask = 2147483647;
			files = (
			);
			runOnlyForDeploymentPostprocessing = 0;
		};
		BE20A22A1A9268C100970516 /* Frameworks */ = {
			isa = PBXFrameworksBuildPhase;
			buildActionMask = 2147483647;
			files = (
			);
			runOnlyForDeploymentPostprocessing = 0;
		};
/* End PBXFrameworksBuildPhase section */

/* Begin PBXGroup section */
		BE20A20B1A9268C100970516 = {
			isa = PBXGroup;
			children = (
				BE20A2161A9268C100970516 /* iTextbooks */,
				BE20A2301A9268C100970516 /* iTextbooksTests */,
				BE20A2151A9268C100970516 /* Products */,
			);
			sourceTree = "<group>";
		};
		BE20A2151A9268C100970516 /* Products */ = {
			isa = PBXGroup;
			children = (
				BE20A2141A9268C100970516 /* iTextbooks.app */,
				BE20A22D1A9268C100970516 /* iTextbooksTests.xctest */,
			);
			name = Products;
			sourceTree = "<group>";
		};
		BE20A2161A9268C100970516 /* iTextbooks */ = {
			isa = PBXGroup;
			children = (
				BE20A2431A9271E700970516 /* Regions */,
				BE20A21B1A9268C100970516 /* AppDelegate.h */,
				BE20A21C1A9268C100970516 /* AppDelegate.m */,
				BE20A2211A9268C100970516 /* Main.storyboard */,
				BE20A2241A9268C100970516 /* Images.xcassets */,
				BE20A2261A9268C100970516 /* LaunchScreen.xib */,
				BE20A2171A9268C100970516 /* Supporting Files */,
				BE20A23D1A926D6E00970516 /* BookViewController.h */,
				BE20A23E1A926D6E00970516 /* BookViewController.m */,
				BE20A2401A926DAE00970516 /* BranchCollectionViewController.h */,
				BE20A2411A926DAE00970516 /* BranchCollectionViewController.m */,
				BE20A26C1A9279FE00970516 /* BranchCollectionViewCell.h */,
				BE20A26D1A9279FE00970516 /* BranchCollectionViewCell.m */,
			);
			path = iTextbooks;
			sourceTree = "<group>";
		};
		BE20A2171A9268C100970516 /* Supporting Files */ = {
			isa = PBXGroup;
			children = (
				BE20A26A1A9274EF00970516 /* lorem.html */,
				BE20A2181A9268C100970516 /* Info.plist */,
				BE20A2191A9268C100970516 /* main.m */,
			);
			name = "Supporting Files";
			sourceTree = "<group>";
		};
		BE20A2301A9268C100970516 /* iTextbooksTests */ = {
			isa = PBXGroup;
			children = (
				BE20A2331A9268C100970516 /* iTextbooksTests.m */,
				BE20A2311A9268C100970516 /* Supporting Files */,
			);
			path = iTextbooksTests;
			sourceTree = "<group>";
		};
		BE20A2311A9268C100970516 /* Supporting Files */ = {
			isa = PBXGroup;
			children = (
				BE20A2321A9268C100970516 /* Info.plist */,
			);
			name = "Supporting Files";
			sourceTree = "<group>";
		};
		BE20A2431A9271E700970516 /* Regions */ = {
			isa = PBXGroup;
			children = (
				BE20A24D1A9271E700970516 /* img1.jpg */,
				BE20A24E1A9271E700970516 /* img10.jpg */,
				BE20A24F1A9271E700970516 /* img2.jpg */,
				BE20A2501A9271E700970516 /* img3.jpg */,
				BE20A2511A9271E700970516 /* img4.jpg */,
				BE20A2521A9271E700970516 /* img5.jpg */,
				BE20A2531A9271E700970516 /* img6.jpg */,
				BE20A2541A9271E700970516 /* img7.jpg */,
				BE20A2551A9271E700970516 /* img8.jpg */,
				BE20A2561A9271E700970516 /* img9.jpg */,
			);
			path = Regions;
			sourceTree = "<group>";
		};
/* End PBXGroup section */

/* Begin PBXNativeTarget section */
		BE20A2131A9268C100970516 /* iTextbooks */ = {
			isa = PBXNativeTarget;
			buildConfigurationList = BE20A2371A9268C100970516 /* Build configuration list for PBXNativeTarget "iTextbooks" */;
			buildPhases = (
				BE20A2101A9268C100970516 /* Sources */,
				BE20A2111A9268C100970516 /* Frameworks */,
				BE20A2121A9268C100970516 /* Resources */,
			);
			buildRules = (
			);
			dependencies = (
			);
			name = iTextbooks;
			productName = iTextbooks;
			productReference = BE20A2141A9268C100970516 /* iTextbooks.app */;
			productType = "com.apple.product-type.application";
		};
		BE20A22C1A9268C100970516 /* iTextbooksTests */ = {
			isa = PBXNativeTarget;
			buildConfigurationList = BE20A23A1A9268C100970516 /* Build configuration list for PBXNativeTarget "iTextbooksTests" */;
			buildPhases = (
				BE20A2291A9268C100970516 /* Sources */,
				BE20A22A1A9268C100970516 /* Frameworks */,
				BE20A22B1A9268C100970516 /* Resources */,
			);
			buildRules = (
			);
			dependencies = (
				BE20A22F1A9268C100970516 /* PBXTargetDependency */,
			);
			name = iTextbooksTests;
			productName = iTextbooksTests;
			productReference = BE20A22D1A9268C100970516 /* iTextbooksTests.xctest */;
			productType = "com.apple.product-type.bundle.unit-test";
		};
/* End PBXNativeTarget section */

/* Begin PBXProject section */
		BE20A20C1A9268C100970516 /* Project object */ = {
			isa = PBXProject;
			attributes = {
				LastUpgradeCheck = 0610;
				ORGANIZATIONNAME = "Pierce Wetter";
				TargetAttributes = {
					BE20A2131A9268C100970516 = {
						CreatedOnToolsVersion = 6.1.1;
					};
					BE20A22C1A9268C100970516 = {
						CreatedOnToolsVersion = 6.1.1;
						TestTargetID = BE20A2131A9268C100970516;
					};
				};
			};
			buildConfigurationList = BE20A20F1A9268C100970516 /* Build configuration list for PBXProject "iTextbooks" */;
			compatibilityVersion = "Xcode 3.2";
			developmentRegion = English;
			hasScannedForEncodings = 0;
			knownRegions = (
				en,
				Base,
			);
			mainGroup = BE20A20B1A9268C100970516;
			productRefGroup = BE20A2151A9268C100970516 /* Products */;
			projectDirPath = "";
			projectRoot = "";
			targets = (
				BE20A2131A9268C100970516 /* iTextbooks */,
				BE20A22C1A9268C100970516 /* iTextbooksTests */,
			);
		};
/* End PBXProject section */

/* Begin PBXResourcesBuildPhase section */
		BE20A2121A9268C100970516 /* Resources */ = {
			isa = PBXResourcesBuildPhase;
			buildActionMask = 2147483647;
			files = (
				BE20A26B1A9274EF00970516 /* lorem.html in Resources */,
				BE20A2231A9268C100970516 /* Main.storyboard in Resources */,
				BE20A2621A9271E700970516 /* img2.jpg in Resources */,
				BE20A2691A9271E700970516 /* img9.jpg in Resources */,
				BE20A2601A9271E700970516 /* img1.jpg in Resources */,
				BE20A2281A9268C100970516 /* LaunchScreen.xib in Resources */,
				BE20A2641A9271E700970516 /* img4.jpg in Resources */,
				BE20A2661A9271E700970516 /* img6.jpg in Resources */,
				BE20A2631A9271E700970516 /* img3.jpg in Resources */,
				BE20A2611A9271E700970516 /* img10.jpg in Resources */,
				BE20A2671A9271E700970516 /* img7.jpg in Resources */,
				BE20A2651A9271E700970516 /* img5.jpg in Resources */,
				BE20A2681A9271E700970516 /* img8.jpg in Resources */,
				BE20A2251A9268C100970516 /* Images.xcassets in Resources */,
			);
			runOnlyForDeploymentPostprocessing = 0;
		};
		BE20A22B1A9268C100970516 /* Resources */ = {
			isa = PBXResourcesBuildPhase;
			buildActionMask = 2147483647;
			files = (
			);
			runOnlyForDeploymentPostprocessing = 0;
		};
/* End PBXResourcesBuildPhase section */

/* Begin PBXSourcesBuildPhase section */
		BE20A2101A9268C100970516 /* Sources */ = {
			isa = PBXSourcesBuildPhase;
			buildActionMask = 2147483647;
			files = (
				BE20A23F1A926D6F00970516 /* BookViewController.m in Sources */,
				BE20A2421A926DAE00970516 /* BranchCollectionViewController.m in Sources */,
				BE20A21D1A9268C100970516 /* AppDelegate.m in Sources */,
				BE20A21A1A9268C100970516 /* main.m in Sources */,
				BE20A26E1A9279FE00970516 /* BranchCollectionViewCell.m in Sources */,
			);
			runOnlyForDeploymentPostprocessing = 0;
		};
		BE20A2291A9268C100970516 /* Sources */ = {
			isa = PBXSourcesBuildPhase;
			buildActionMask = 2147483647;
			files = (
				BE20A2341A9268C100970516 /* iTextbooksTests.m in Sources */,
			);
			runOnlyForDeploymentPostprocessing = 0;
		};
/* End PBXSourcesBuildPhase section */

/* Begin PBXTargetDependency section */
		BE20A22F1A9268C100970516 /* PBXTargetDependency */ = {
			isa = PBXTargetDependency;
			target = BE20A2131A9268C100970516 /* iTextbooks */;
			targetProxy = BE20A22E1A9268C100970516 /* PBXContainerItemProxy */;
		};
/* End PBXTargetDependency section */

/* Begin PBXVariantGroup section */
		BE20A2211A9268C100970516 /* Main.storyboard */ = {
			isa = PBXVariantGroup;
			children = (
				BE20A2221A9268C100970516 /* Base */,
			);
			name = Main.storyboard;
			sourceTree = "<group>";
		};
		BE20A2261A9268C100970516 /* LaunchScreen.xib */ = {
			isa = PBXVariantGroup;
			children = (
				BE20A2271A9268C100970516 /* Base */,
			);
			name = LaunchScreen.xib;
			sourceTree = "<group>";
		};
/* End PBXVariantGroup section */

/* Begin XCBuildConfiguration section */
		BE20A2351A9268C100970516 /* Debug */ = {
			isa = XCBuildConfiguration;
			buildSettings = {
				ALWAYS_SEARCH_USER_PATHS = NO;
				CLANG_CXX_LANGUAGE_STANDARD = "gnu++0x";
				CLANG_CXX_LIBRARY = "libc++";
				CLANG_ENABLE_MODULES = YES;
				CLANG_ENABLE_OBJC_ARC = YES;
				CLANG_WARN_BOOL_CONVERSION = YES;
				CLANG_WARN_CONSTANT_CONVERSION = YES;
				CLANG_WARN_DIRECT_OBJC_ISA_USAGE = YES_ERROR;
				CLANG_WARN_EMPTY_BODY = YES;
				CLANG_WARN_ENUM_CONVERSION = YES;
				CLANG_WARN_INT_CONVERSION = YES;
				CLANG_WARN_OBJC_ROOT_CLASS = YES_ERROR;
				CLANG_WARN_UNREACHABLE_CODE = YES;
				CLANG_WARN__DUPLICATE_METHOD_MATCH = YES;
				"CODE_SIGN_IDENTITY[sdk=iphoneos*]" = "iPhone Developer";
				COPY_PHASE_STRIP = NO;
				ENABLE_STRICT_OBJC_MSGSEND = YES;
				GCC_C_LANGUAGE_STANDARD = gnu99;
				GCC_DYNAMIC_NO_PIC = NO;
				GCC_OPTIMIZATION_LEVEL = 0;
				GCC_PREPROCESSOR_DEFINITIONS = (
					"DEBUG=1",
					"$(inherited)",
				);
				GCC_SYMBOLS_PRIVATE_EXTERN = NO;
				GCC_WARN_64_TO_32_BIT_CONVERSION = YES;
				GCC_WARN_ABOUT_RETURN_TYPE = YES_ERROR;
				GCC_WARN_UNDECLARED_SELECTOR = YES;
				GCC_WARN_UNINITIALIZED_AUTOS = YES_AGGRESSIVE;
				GCC_WARN_UNUSED_FUNCTION = YES;
				GCC_WARN_UNUSED_VARIABLE = YES;
				IPHONEOS_DEPLOYMENT_TARGET = 8.1;
				MTL_ENABLE_DEBUG_INFO = YES;
				ONLY_ACTIVE_ARCH = YES;
				SDKROOT = iphoneos;
				TARGETED_DEVICE_FAMILY = 2;
			};
			name = Debug;
		};
		BE20A2361A9268C100970516 /* Release */ = {
			isa = XCBuildConfiguration;
			buildSettings = {
				ALWAYS_SEARCH_USER_PATHS = NO;
				CLANG_CXX_LANGUAGE_STANDARD = "gnu++0x";
				CLANG_CXX_LIBRARY = "libc++";
				CLANG_ENABLE_MODULES = YES;
				CLANG_ENABLE_OBJC_ARC = YES;
				CLANG_WARN_BOOL_CONVERSION = YES;
				CLANG_WARN_CONSTANT_CONVERSION = YES;
				CLANG_WARN_DIRECT_OBJC_ISA_USAGE = YES_ERROR;
				CLANG_WARN_EMPTY_BODY = YES;
				CLANG_WARN_ENUM_CONVERSION = YES;
				CLANG_WARN_INT_CONVERSION = YES;
				CLANG_WARN_OBJC_ROOT_CLASS = YES_ERROR;
				CLANG_WARN_UNREACHABLE_CODE = YES;
				CLANG_WARN__DUPLICATE_METHOD_MATCH = YES;
				"CODE_SIGN_IDENTITY[sdk=iphoneos*]" = "iPhone Developer";
				COPY_PHASE_STRIP = YES;
				ENABLE_NS_ASSERTIONS = NO;
				ENABLE_STRICT_OBJC_MSGSEND = YES;
				GCC_C_LANGUAGE_STANDARD = gnu99;
				GCC_WARN_64_TO_32_BIT_CONVERSION = YES;
				GCC_WARN_ABOUT_RETURN_TYPE = YES_ERROR;
				GCC_WARN_UNDECLARED_SELECTOR = YES;
				GCC_WARN_UNINITIALIZED_AUTOS = YES_AGGRESSIVE;
				GCC_WARN_UNUSED_FUNCTION = YES;
				GCC_WARN_UNUSED_VARIABLE = YES;
				IPHONEOS_DEPLOYMENT_TARGET = 8.1;
				MTL_ENABLE_DEBUG_INFO = NO;
				SDKROOT = iphoneos;
				TARGETED_DEVICE_FAMILY = 2;
				VALIDATE_PRODUCT = YES;
			};
			name = Release;
		};
		BE20A2381A9268C100970516 /* Debug */ = {
			isa = XCBuildConfiguration;
			buildSettings = {
				ASSETCATALOG_COMPILER_APPICON_NAME = AppIcon;
				INFOPLIST_FILE = iTextbooks/Info.plist;
				LD_RUNPATH_SEARCH_PATHS = "$(inherited) @executable_path/Frameworks";
				PRODUCT_NAME = "$(TARGET_NAME)";
			};
			name = Debug;
		};
		BE20A2391A9268C100970516 /* Release */ = {
			isa = XCBuildConfiguration;
			buildSettings = {
				ASSETCATALOG_COMPILER_APPICON_NAME = AppIcon;
				INFOPLIST_FILE = iTextbooks/Info.plist;
				LD_RUNPATH_SEARCH_PATHS = "$(inherited) @executable_path/Frameworks";
				PRODUCT_NAME = "$(TARGET_NAME)";
			};
			name = Release;
		};
		BE20A23B1A9268C100970516 /* Debug */ = {
			isa = XCBuildConfiguration;
			buildSettings = {
				BUNDLE_LOADER = "$(TEST_HOST)";
				FRAMEWORK_SEARCH_PATHS = (
					"$(SDKROOT)/Developer/Library/Frameworks",
					"$(inherited)",
				);
				GCC_PREPROCESSOR_DEFINITIONS = (
					"DEBUG=1",
					"$(inherited)",
				);
				INFOPLIST_FILE = iTextbooksTests/Info.plist;
				LD_RUNPATH_SEARCH_PATHS = "$(inherited) @executable_path/Frameworks @loader_path/Frameworks";
				PRODUCT_NAME = "$(TARGET_NAME)";
				TEST_HOST = "$(BUILT_PRODUCTS_DIR)/iTextbooks.app/iTextbooks";
			};
			name = Debug;
		};
		BE20A23C1A9268C100970516 /* Release */ = {
			isa = XCBuildConfiguration;
			buildSettings = {
				BUNDLE_LOADER = "$(TEST_HOST)";
				FRAMEWORK_SEARCH_PATHS = (
					"$(SDKROOT)/Developer/Library/Frameworks",
					"$(inherited)",
				);
				INFOPLIST_FILE = iTextbooksTests/Info.plist;
				LD_RUNPATH_SEARCH_PATHS = "$(inherited) @executable_path/Frameworks @loader_path/Frameworks";
				PRODUCT_NAME = "$(TARGET_NAME)";
				TEST_HOST = "$(BUILT_PRODUCTS_DIR)/iTextbooks.app/iTextbooks";
			};
			name = Release;
		};
/* End XCBuildConfiguration section */

/* Begin XCConfigurationList section */
		BE20A20F1A9268C100970516 /* Build configuration list for PBXProject "iTextbooks" */ = {
			isa = XCConfigurationList;
			buildConfigurations = (
				BE20A2351A9268C100970516 /* Debug */,
				BE20A2361A9268C100970516 /* Release */,
			);
			defaultConfigurationIsVisible = 0;
			defaultConfigurationName = Release;
		};
		BE20A2371A9268C100970516 /* Build configuration list for PBXNativeTarget "iTextbooks" */ = {
			isa = XCConfigurationList;
			buildConfigurations = (
				BE20A2381A9268C100970516 /* Debug */,
				BE20A2391A9268C100970516 /* Release */,
			);
			defaultConfigurationIsVisible = 0;
		};
		BE20A23A1A9268C100970516 /* Build configuration list for PBXNativeTarget "iTextbooksTests" */ = {
			isa = XCConfigurationList;
			buildConfigurations = (
				BE20A23B1A9268C100970516 /* Debug */,
				BE20A23C1A9268C100970516 /* Release */,
			);
			defaultConfigurationIsVisible = 0;
		};
/* End XCConfigurationList section */
	};
	rootObject = BE20A20C1A9268C100970516 /* Project object */;
}
